
Microsoft Visual Studio Solution File, Format Version 12.00
# Visual Studio Version 16
VisualStudioVersion = 16.0.28803.452
MinimumVisualStudioVersion = 10.0.40219.1
Project("{FAE04EC0-301F-11D3-BF4B-00C04F79EFBC}") = "FitBooster", "FitBooster\FitBooster.csproj", "{55EE966C-31B4-474D-BEF5-A19E0D6D1662}"
EndProject
Project("{9A19103F-16F7-4668-BE54-9A1E7A4F7556}") = "FitBoosterLibrary", "FitBoosterLibrary\FitBoosterLibrary.csproj", "{FB115CAA-AAF2-4711-8818-07491119D2E0}"
EndProject
Project("{9A19103F-16F7-4668-BE54-9A1E7A4F7556}") = "FitBoosterConsoleApp", "FitBoosterConsoleApp\FitBoosterConsoleApp.csproj", "{22FC5A15-7E5A-4DF1-9E0C-53322150EAD0}"
EndProject
Project("{54435603-DBB4-11D2-8724-00A0C9A8B90C}") = "FitBoosterSetup", "FitBoosterSetup\FitBoosterSetup.vdproj", "{19278BCE-CFC2-48C6-AB2D-A73A406F75C2}"
EndProject
Global
	GlobalSection(SolutionConfigurationPlatforms) = preSolution
		Debug|Any CPU = Debug|Any CPU
		Release|Any CPU = Release|Any CPU
	EndGlobalSection
	GlobalSection(ProjectConfigurationPlatforms) = postSolution
		{55EE966C-31B4-474D-BEF5-A19E0D6D1662}.Debug|Any CPU.ActiveCfg = Debug|Any CPU
		{55EE966C-31B4-474D-BEF5-A19E0D6D1662}.Debug|Any CPU.Build.0 = Debug|Any CPU
		{55EE966C-31B4-474D-BEF5-A19E0D6D1662}.Release|Any CPU.ActiveCfg = Release|Any CPU
		{55EE966C-31B4-474D-BEF5-A19E0D6D1662}.Release|Any CPU.Build.0 = Release|Any CPU
		{FB115CAA-AAF2-4711-8818-07491119D2E0}.Debug|Any CPU.ActiveCfg = Debug|Any CPU
		{FB115CAA-AAF2-4711-8818-07491119D2E0}.Debug|Any CPU.Build.0 = Debug|Any CPU
		{FB115CAA-AAF2-4711-8818-07491119D2E0}.Release|Any CPU.ActiveCfg = Release|Any CPU
		{FB115CAA-AAF2-4711-8818-07491119D2E0}.Release|Any CPU.Build.0 = Release|Any CPU
		{22FC5A15-7E5A-4DF1-9E0C-53322150EAD0}.Debug|Any CPU.ActiveCfg = Debug|Any CPU
		{22FC5A15-7E5A-4DF1-9E0C-53322150EAD0}.Debug|Any CPU.Build.0 = Debug|Any CPU
		{22FC5A15-7E5A-4DF1-9E0C-53322150EAD0}.Release|Any CPU.ActiveCfg = Release|Any CPU
		{22FC5A15-7E5A-4DF1-9E0C-53322150EAD0}.Release|Any CPU.Build.0 = Release|Any CPU
		{19278BCE-CFC2-48C6-AB2D-A73A406F75C2}.Debug|Any CPU.ActiveCfg = Debug
		{19278BCE-CFC2-48C6-AB2D-A73A406F75C2}.Release|Any CPU.ActiveCfg = Release
	EndGlobalSection
	GlobalSection(SolutionProperties) = preSolution
		HideSolutionNode = FALSE
	EndGlobalSection
	GlobalSection(ExtensibilityGlobals) = postSolution
		SolutionGuid = {4ABAC1BF-9755-43FD-85FB-4B0F0FE6B621}
	EndGlobalSection
EndGlobal
